
Microsoft Visual Studio Solution File, Format Version 12.00
# Visual Studio 15
VisualStudioVersion = 15.0.28010.2026
MinimumVisualStudioVersion = 10.0.40219.1
Project("{E24C65DC-7377-472B-9ABA-BC803B73C61A}") = "VehicleWebSite", "F:\New folder (2)\VehicleWebSite\", "{8227C9EE-1095-4032-A6CB-8E0A42620980}"
	ProjectSection(WebsiteProperties) = preProject
		TargetFrameworkMoniker = ".NETFramework,Version%3Dv4.6.1"
		Debug.AspNetCompiler.VirtualPath = "/localhost_52258"
		Debug.AspNetCompiler.PhysicalPath = "F:\New folder (2)\VehicleWebSite\"
		Debug.AspNetCompiler.TargetPath = "PrecompiledWeb\localhost_52258\"
		Debug.AspNetCompiler.Updateable = "true"
		Debug.AspNetCompiler.ForceOverwrite = "true"
		Debug.AspNetCompiler.FixedNames = "false"
		Debug.AspNetCompiler.Debug = "True"
		Release.AspNetCompiler.VirtualPath = "/localhost_52258"
		Release.AspNetCompiler.PhysicalPath = "F:\New folder (2)\VehicleWebSite\"
		Release.AspNetCompiler.TargetPath = "PrecompiledWeb\localhost_52258\"
		Release.AspNetCompiler.Updateable = "true"
		Release.AspNetCompiler.ForceOverwrite = "true"
		Release.AspNetCompiler.FixedNames = "false"
		Release.AspNetCompiler.Debug = "False"
		VWDPort = "52258"
	EndProjectSection
EndProject
Global
	GlobalSection(SolutionConfigurationPlatforms) = preSolution
		Debug|Any CPU = Debug|Any CPU
	EndGlobalSection
	GlobalSection(ProjectConfigurationPlatforms) = postSolution
		{8227C9EE-1095-4032-A6CB-8E0A42620980}.Debug|Any CPU.ActiveCfg = Debug|Any CPU
		{8227C9EE-1095-4032-A6CB-8E0A42620980}.Debug|Any CPU.Build.0 = Debug|Any CPU
	EndGlobalSection
	GlobalSection(SolutionProperties) = preSolution
		HideSolutionNode = FALSE
	EndGlobalSection
	GlobalSection(ExtensibilityGlobals) = postSolution
		SolutionGuid = {18A90D64-EAFB-4D82-9264-42BBEF2B9EC2}
	EndGlobalSection
EndGlobal
