
Microsoft Visual Studio Solution File, Format Version 12.00
# Visual Studio 15
VisualStudioVersion = 15.0.28010.2026
MinimumVisualStudioVersion = 10.0.40219.1
Project("{FAE04EC0-301F-11D3-BF4B-00C04F79EFBC}") = "WebApi", "WebApi\WebApi.csproj", "{0A35488B-A6A8-4B42-B65D-4ECE11C2BDDF}"
EndProject
Project("{FAE04EC0-301F-11D3-BF4B-00C04F79EFBC}") = "Mvc", "Mvc\Mvc.csproj", "{8146ACFE-0E66-4AB3-9927-79673D7EC23D}"
EndProject
Global
	GlobalSection(SolutionConfigurationPlatforms) = preSolution
		Debug|Any CPU = Debug|Any CPU
		Release|Any CPU = Release|Any CPU
	EndGlobalSection
	GlobalSection(ProjectConfigurationPlatforms) = postSolution
		{0A35488B-A6A8-4B42-B65D-4ECE11C2BDDF}.Debug|Any CPU.ActiveCfg = Debug|Any CPU
		{0A35488B-A6A8-4B42-B65D-4ECE11C2BDDF}.Debug|Any CPU.Build.0 = Debug|Any CPU
		{0A35488B-A6A8-4B42-B65D-4ECE11C2BDDF}.Release|Any CPU.ActiveCfg = Release|Any CPU
		{0A35488B-A6A8-4B42-B65D-4ECE11C2BDDF}.Release|Any CPU.Build.0 = Release|Any CPU
		{8146ACFE-0E66-4AB3-9927-79673D7EC23D}.Debug|Any CPU.ActiveCfg = Debug|Any CPU
		{8146ACFE-0E66-4AB3-9927-79673D7EC23D}.Debug|Any CPU.Build.0 = Debug|Any CPU
		{8146ACFE-0E66-4AB3-9927-79673D7EC23D}.Release|Any CPU.ActiveCfg = Release|Any CPU
		{8146ACFE-0E66-4AB3-9927-79673D7EC23D}.Release|Any CPU.Build.0 = Release|Any CPU
	EndGlobalSection
	GlobalSection(SolutionProperties) = preSolution
		HideSolutionNode = FALSE
	EndGlobalSection
	GlobalSection(ExtensibilityGlobals) = postSolution
		SolutionGuid = {6351733F-8237-415B-B6FF-CDB8E12602AE}
	EndGlobalSection
EndGlobal
