
Microsoft Visual Studio Solution File, Format Version 12.00
# Visual Studio 15
VisualStudioVersion = 15.0.28010.2026
MinimumVisualStudioVersion = 10.0.40219.1
Project("{E24C65DC-7377-472B-9ABA-BC803B73C61A}") = "VehicleWebSite(1)", "..\VehicleWebSite\", "{B455AFFD-84B5-43AC-B59E-45DA0B0794A6}"
	ProjectSection(WebsiteProperties) = preProject
		TargetFrameworkMoniker = ".NETFramework,Version%3Dv4.6.1"
		Debug.AspNetCompiler.VirtualPath = "/localhost_54831"
		Debug.AspNetCompiler.PhysicalPath = "..\VehicleWebSite\"
		Debug.AspNetCompiler.TargetPath = "PrecompiledWeb\localhost_54831\"
		Debug.AspNetCompiler.Updateable = "true"
		Debug.AspNetCompiler.ForceOverwrite = "true"
		Debug.AspNetCompiler.FixedNames = "false"
		Debug.AspNetCompiler.Debug = "True"
		Release.AspNetCompiler.VirtualPath = "/localhost_54831"
		Release.AspNetCompiler.PhysicalPath = "..\VehicleWebSite\"
		Release.AspNetCompiler.TargetPath = "PrecompiledWeb\localhost_54831\"
		Release.AspNetCompiler.Updateable = "true"
		Release.AspNetCompiler.ForceOverwrite = "true"
		Release.AspNetCompiler.FixedNames = "false"
		Release.AspNetCompiler.Debug = "False"
		VWDPort = "54831"
		SlnRelativePath = "..\VehicleWebSite\"
	EndProjectSection
EndProject
Project("{FAE04EC0-301F-11D3-BF4B-00C04F79EFBC}") = "VehiclesApi", "VehiclesApi\VehiclesApi.csproj", "{FD39CFF5-7650-417A-BB7F-41ED8418CA84}"
EndProject
Project("{FAE04EC0-301F-11D3-BF4B-00C04F79EFBC}") = "Mvc", "MVC\Mvc.csproj", "{D0F5B240-68FE-44B9-8AAD-133E834E8C11}"
EndProject
Global
	GlobalSection(SolutionConfigurationPlatforms) = preSolution
		Debug|Any CPU = Debug|Any CPU
		Release|Any CPU = Release|Any CPU
	EndGlobalSection
	GlobalSection(ProjectConfigurationPlatforms) = postSolution
		{B455AFFD-84B5-43AC-B59E-45DA0B0794A6}.Debug|Any CPU.ActiveCfg = Debug|Any CPU
		{B455AFFD-84B5-43AC-B59E-45DA0B0794A6}.Debug|Any CPU.Build.0 = Debug|Any CPU
		{B455AFFD-84B5-43AC-B59E-45DA0B0794A6}.Release|Any CPU.ActiveCfg = Debug|Any CPU
		{B455AFFD-84B5-43AC-B59E-45DA0B0794A6}.Release|Any CPU.Build.0 = Debug|Any CPU
		{FD39CFF5-7650-417A-BB7F-41ED8418CA84}.Debug|Any CPU.ActiveCfg = Debug|Any CPU
		{FD39CFF5-7650-417A-BB7F-41ED8418CA84}.Debug|Any CPU.Build.0 = Debug|Any CPU
		{FD39CFF5-7650-417A-BB7F-41ED8418CA84}.Release|Any CPU.ActiveCfg = Release|Any CPU
		{FD39CFF5-7650-417A-BB7F-41ED8418CA84}.Release|Any CPU.Build.0 = Release|Any CPU
		{D0F5B240-68FE-44B9-8AAD-133E834E8C11}.Debug|Any CPU.ActiveCfg = Debug|Any CPU
		{D0F5B240-68FE-44B9-8AAD-133E834E8C11}.Debug|Any CPU.Build.0 = Debug|Any CPU
		{D0F5B240-68FE-44B9-8AAD-133E834E8C11}.Release|Any CPU.ActiveCfg = Release|Any CPU
		{D0F5B240-68FE-44B9-8AAD-133E834E8C11}.Release|Any CPU.Build.0 = Release|Any CPU
	EndGlobalSection
	GlobalSection(SolutionProperties) = preSolution
		HideSolutionNode = FALSE
	EndGlobalSection
	GlobalSection(ExtensibilityGlobals) = postSolution
		SolutionGuid = {6A6354CB-2F76-4C66-BA12-583FD481B815}
	EndGlobalSection
EndGlobal
